{
  "name": "angular-form",
  "version": "1.0.0",
  "lockfileVersion": 1,
  "requires": true,
  "dependencies": {
    "angular": {
      "version": "1.8.2",
      "resolved": "https://registry.npmjs.org/angular/-/angular-1.8.2.tgz",
      "integrity": "sha512-IauMOej2xEe7/7Ennahkbb5qd/HFADiNuLSESz9Q27inmi32zB0lnAsFeLEWcox3Gd1F6YhNd1CP7/9IukJ0Gw==",
      "dev": true
    },
    "angular-sanitize": {
      "version": "1.8.2",
      "resolved": "https://registry.npmjs.org/angular-sanitize/-/angular-sanitize-1.8.2.tgz",
      "integrity": "sha512-OB6Goa+QN3byf5asQ7XRl7DKZejm/F/ZOqa9z1skqYVOWA2hoBxoCmt9E7+i7T/TbxZP5zYzKxNZVVJNu860Hg==",
      "dev": true
    },
    "angular-schema-form": {
      "version": "0.8.13",
      "resolved": "https://registry.npmjs.org/angular-schema-form/-/angular-schema-form-0.8.13.tgz",
      "integrity": "sha1-kLviqQZk0IPaPcEnH4kKlL59FA8=",
      "dev": true,
      "requires": {
        "angular": ">= 1.2",
        "angular-sanitize": ">= 1.2",
        "objectpath": "^1.2.1",
        "tv4": "~1.0.15"
      }
    },
    "objectpath": {
      "version": "1.2.2",
      "resolved": "https://registry.npmjs.org/objectpath/-/objectpath-1.2.2.tgz",
      "integrity": "sha512-ie+GY5tJsKt7daHH6qGROf3JqxfD2XhfBPLY+HQrVuRY8MQE1ySKVSqQ/TQz/Dx7jDwuy3etQALDE1cRJAC0cg==",
      "dev": true
    },
    "tv4": {
      "version": "1.0.18",
      "resolved": "https://registry.npmjs.org/tv4/-/tv4-1.0.18.tgz",
      "integrity": "sha1-c5d2nwA1jjO/Uo3FyHZMYbbegkU=",
      "dev": true
    }
  }
}
